
Microsoft Visual Studio Solution File, Format Version 12.00
# Visual Studio 15
VisualStudioVersion = 15.0.26730.12
MinimumVisualStudioVersion = 10.0.40219.1
Project("{8BC9CEB8-8B4A-11D0-8D11-00A0C91BC942}") = "BoggleCL", "BoggleCL\BoggleCL.vcxproj", "{86A0CB54-0742-496C-852B-5352CE517EB5}"
EndProject
Global
	GlobalSection(SolutionConfigurationPlatforms) = preSolution
		Debug|x64 = Debug|x64
		Debug|x86 = Debug|x86
		Release|x64 = Release|x64
		Release|x86 = Release|x86
	EndGlobalSection
	GlobalSection(ProjectConfigurationPlatforms) = postSolution
		{86A0CB54-0742-496C-852B-5352CE517EB5}.Debug|x64.ActiveCfg = Debug|x64
		{86A0CB54-0742-496C-852B-5352CE517EB5}.Debug|x64.Build.0 = Debug|x64
		{86A0CB54-0742-496C-852B-5352CE517EB5}.Debug|x86.ActiveCfg = Debug|Win32
		{86A0CB54-0742-496C-852B-5352CE517EB5}.Debug|x86.Build.0 = Debug|Win32
		{86A0CB54-0742-496C-852B-5352CE517EB5}.Release|x64.ActiveCfg = Release|x64
		{86A0CB54-0742-496C-852B-5352CE517EB5}.Release|x64.Build.0 = Release|x64
		{86A0CB54-0742-496C-852B-5352CE517EB5}.Release|x86.ActiveCfg = Release|Win32
		{86A0CB54-0742-496C-852B-5352CE517EB5}.Release|x86.Build.0 = Release|Win32
	EndGlobalSection
	GlobalSection(SolutionProperties) = preSolution
		HideSolutionNode = FALSE
	EndGlobalSection
	GlobalSection(ExtensibilityGlobals) = postSolution
		SolutionGuid = {9D566319-444D-439C-89EF-4B712B058A26}
	EndGlobalSection
EndGlobal
